
Microsoft Visual Studio Solution File, Format Version 12.00
Project("{FAE04EC0-301F-11D3-BF4B-00C04F79EFBC}") = "MMDVMModemEmulator", "MMDVMModemEmulator\MMDVMModemEmulator.csproj", "{BF752C65-02F3-433C-8EE7-634C28EC4C3D}"
EndProject
Project("{FAE04EC0-301F-11D3-BF4B-00C04F79EFBC}") = "MMDVMProtocol", "MMDVMProtocol\MMDVMProtocol.csproj", "{D3839AAA-BDFD-4F6E-B4F9-81409BE9E2CA}"
EndProject
Global
	GlobalSection(SolutionConfigurationPlatforms) = preSolution
		Debug|Any CPU = Debug|Any CPU
		Release|Any CPU = Release|Any CPU
	EndGlobalSection
	GlobalSection(ProjectConfigurationPlatforms) = postSolution
		{BF752C65-02F3-433C-8EE7-634C28EC4C3D}.Debug|Any CPU.ActiveCfg = Debug|Any CPU
		{BF752C65-02F3-433C-8EE7-634C28EC4C3D}.Debug|Any CPU.Build.0 = Debug|Any CPU
		{BF752C65-02F3-433C-8EE7-634C28EC4C3D}.Release|Any CPU.ActiveCfg = Release|Any CPU
		{BF752C65-02F3-433C-8EE7-634C28EC4C3D}.Release|Any CPU.Build.0 = Release|Any CPU
		{D3839AAA-BDFD-4F6E-B4F9-81409BE9E2CA}.Debug|Any CPU.ActiveCfg = Debug|Any CPU
		{D3839AAA-BDFD-4F6E-B4F9-81409BE9E2CA}.Debug|Any CPU.Build.0 = Debug|Any CPU
		{D3839AAA-BDFD-4F6E-B4F9-81409BE9E2CA}.Release|Any CPU.ActiveCfg = Release|Any CPU
		{D3839AAA-BDFD-4F6E-B4F9-81409BE9E2CA}.Release|Any CPU.Build.0 = Release|Any CPU
	EndGlobalSection
EndGlobal
